
Microsoft Visual Studio Solution File, Format Version 12.00
# Visual Studio Version 17
VisualStudioVersion = 17.8.34330.188
MinimumVisualStudioVersion = 10.0.40219.1
Project("{FAE04EC0-301F-11D3-BF4B-00C04F79EFBC}") = "onlineBanking", "onlineBanking.csproj", "{7A67E3DB-A4F5-4E20-B2AA-21A7122562A3}"
EndProject
Project("{FAE04EC0-301F-11D3-BF4B-00C04F79EFBC}") = "onlineBankingVo", "..\onlineBankingVo\onlineBankingVo.csproj", "{9049060E-09BF-4AFF-BBA8-24A934EAC6BE}"
EndProject
Project("{FAE04EC0-301F-11D3-BF4B-00C04F79EFBC}") = "onlineBankingBo", "..\onlineBankingBo\onlineBankingBo.csproj", "{9B83C2CB-A144-4BDC-9190-0C14294F501E}"
EndProject
Project("{FAE04EC0-301F-11D3-BF4B-00C04F79EFBC}") = "onlineBankingDao", "..\onlineBankingDao\onlineBankingDao.csproj", "{332BC39F-E71C-4029-A2E8-1E27B69073BD}"
EndProject
Global
	GlobalSection(SolutionConfigurationPlatforms) = preSolution
		Debug|Any CPU = Debug|Any CPU
		Release|Any CPU = Release|Any CPU
	EndGlobalSection
	GlobalSection(ProjectConfigurationPlatforms) = postSolution
		{7A67E3DB-A4F5-4E20-B2AA-21A7122562A3}.Debug|Any CPU.ActiveCfg = Debug|Any CPU
		{7A67E3DB-A4F5-4E20-B2AA-21A7122562A3}.Debug|Any CPU.Build.0 = Debug|Any CPU
		{7A67E3DB-A4F5-4E20-B2AA-21A7122562A3}.Release|Any CPU.ActiveCfg = Release|Any CPU
		{7A67E3DB-A4F5-4E20-B2AA-21A7122562A3}.Release|Any CPU.Build.0 = Release|Any CPU
		{9049060E-09BF-4AFF-BBA8-24A934EAC6BE}.Debug|Any CPU.ActiveCfg = Debug|Any CPU
		{9049060E-09BF-4AFF-BBA8-24A934EAC6BE}.Debug|Any CPU.Build.0 = Debug|Any CPU
		{9049060E-09BF-4AFF-BBA8-24A934EAC6BE}.Release|Any CPU.ActiveCfg = Release|Any CPU
		{9049060E-09BF-4AFF-BBA8-24A934EAC6BE}.Release|Any CPU.Build.0 = Release|Any CPU
		{9B83C2CB-A144-4BDC-9190-0C14294F501E}.Debug|Any CPU.ActiveCfg = Debug|Any CPU
		{9B83C2CB-A144-4BDC-9190-0C14294F501E}.Debug|Any CPU.Build.0 = Debug|Any CPU
		{9B83C2CB-A144-4BDC-9190-0C14294F501E}.Release|Any CPU.ActiveCfg = Release|Any CPU
		{9B83C2CB-A144-4BDC-9190-0C14294F501E}.Release|Any CPU.Build.0 = Release|Any CPU
		{332BC39F-E71C-4029-A2E8-1E27B69073BD}.Debug|Any CPU.ActiveCfg = Debug|Any CPU
		{332BC39F-E71C-4029-A2E8-1E27B69073BD}.Debug|Any CPU.Build.0 = Debug|Any CPU
		{332BC39F-E71C-4029-A2E8-1E27B69073BD}.Release|Any CPU.ActiveCfg = Release|Any CPU
		{332BC39F-E71C-4029-A2E8-1E27B69073BD}.Release|Any CPU.Build.0 = Release|Any CPU
	EndGlobalSection
	GlobalSection(SolutionProperties) = preSolution
		HideSolutionNode = FALSE
	EndGlobalSection
	GlobalSection(ExtensibilityGlobals) = postSolution
		SolutionGuid = {8E107AC1-BDD5-4088-82BB-EC0534A6D238}
	EndGlobalSection
EndGlobal
